
Microsoft Visual Studio Solution File, Format Version 12.00
# Visual Studio Version 16
VisualStudioVersion = 16.0.31911.196
MinimumVisualStudioVersion = 10.0.40219.1
Project("{FAE04EC0-301F-11D3-BF4B-00C04F79EFBC}") = "BlazorBattles.Server", "BlazorBattles\Server\BlazorBattles.Server.csproj", "{EF4EE138-3A87-4E61-A931-4AFB6404D97B}"
EndProject
Project("{FAE04EC0-301F-11D3-BF4B-00C04F79EFBC}") = "BlazorBattles.Client", "BlazorBattles\Client\BlazorBattles.Client.csproj", "{52FFB597-E068-4A2F-A519-120FC6EB15C2}"
EndProject
Project("{FAE04EC0-301F-11D3-BF4B-00C04F79EFBC}") = "BlazorBattles.Shared", "BlazorBattles\Shared\BlazorBattles.Shared.csproj", "{39D4CE85-0085-481F-A650-FC560798FB56}"
EndProject
Global
	GlobalSection(SolutionConfigurationPlatforms) = preSolution
		Debug|Any CPU = Debug|Any CPU
		Release|Any CPU = Release|Any CPU
	EndGlobalSection
	GlobalSection(ProjectConfigurationPlatforms) = postSolution
		{EF4EE138-3A87-4E61-A931-4AFB6404D97B}.Debug|Any CPU.ActiveCfg = Debug|Any CPU
		{EF4EE138-3A87-4E61-A931-4AFB6404D97B}.Debug|Any CPU.Build.0 = Debug|Any CPU
		{EF4EE138-3A87-4E61-A931-4AFB6404D97B}.Release|Any CPU.ActiveCfg = Release|Any CPU
		{EF4EE138-3A87-4E61-A931-4AFB6404D97B}.Release|Any CPU.Build.0 = Release|Any CPU
		{52FFB597-E068-4A2F-A519-120FC6EB15C2}.Debug|Any CPU.ActiveCfg = Debug|Any CPU
		{52FFB597-E068-4A2F-A519-120FC6EB15C2}.Debug|Any CPU.Build.0 = Debug|Any CPU
		{52FFB597-E068-4A2F-A519-120FC6EB15C2}.Release|Any CPU.ActiveCfg = Release|Any CPU
		{52FFB597-E068-4A2F-A519-120FC6EB15C2}.Release|Any CPU.Build.0 = Release|Any CPU
		{39D4CE85-0085-481F-A650-FC560798FB56}.Debug|Any CPU.ActiveCfg = Debug|Any CPU
		{39D4CE85-0085-481F-A650-FC560798FB56}.Debug|Any CPU.Build.0 = Debug|Any CPU
		{39D4CE85-0085-481F-A650-FC560798FB56}.Release|Any CPU.ActiveCfg = Release|Any CPU
		{39D4CE85-0085-481F-A650-FC560798FB56}.Release|Any CPU.Build.0 = Release|Any CPU
	EndGlobalSection
	GlobalSection(SolutionProperties) = preSolution
		HideSolutionNode = FALSE
	EndGlobalSection
	GlobalSection(ExtensibilityGlobals) = postSolution
		SolutionGuid = {E647A58E-7FCF-47D0-85EA-F6CB7393A61F}
	EndGlobalSection
EndGlobal
